github.com/coregx/signals v0.1.0 h1:ek6icAtUwjZKUO8K4OaYQn7Wftl+v03DHe1iePzkOsI=
github.com/coregx/signals v0.1.0/go.mod h1:ZTFOeupJF6b73QmxLcDqbB0V2f0TWnCyVkQlA+gMIm4=
github.com/go-text/typesetting v0.3.4 h1:YYurUOtEb9kGSOz4uE3k4OpBGsp1dDL8+fjCeaFamAU=
github.com/go-text/typesetting v0.3.4/go.mod h1:4qZCQphq4KSgGTAeI0uMEkVbROgfah8BuyF5LRYr7XY=
github.com/go-text/typesetting-utils v0.0.0-20260223113751-2d88ac90dae3 h1:drBZzMgdYPbmyXqOto4YhhJGrFIQCX94FpR4MzTCsos=
github.com/go-text/typesetting-utils v0.0.0-20260223113751-2d88ac90dae3/go.mod h1:3/62I4La/HBRX9TcTpBj4eipLiwzf+vhI+7whTc9V7o=
github.com/go-webgpu/goffi v0.5.5 h1:xLWMhnJq+GrejlhTC3iVt3q8ozRbmYSq8kzuw6MKlgE=
github.com/go-webgpu/goffi v0.5.5/go.mod h1:wfoxNsJkU+5RFbV1kNN1kunhc1lFHuJKK3zpgx08/uM=
github.com/go-webgpu/webgpu v0.5.2 h1:E+yKCbRw/Dgn77pb/CX3kXatwwROGX7/B4ZFbRPaRbQ=
github.com/go-webgpu/webgpu v0.5.2/go.mod h1:d2RR3tI2kUtcMfpC+qJt46IRkDslRhftjCfQvnprGkY=
github.com/gogpu/gg v0.49.2 h1:mWFY7/aUWlMP0gkSvcX1UGBm04aFiSQUtKYHcm0EXqw=
github.com/gogpu/gg v0.49.2/go.mod h1:HokAu1+epUdlCy5ILJr1vZnurhRpfUQ+N7yCT8wJkJM=
github.com/gogpu/gg v0.49.3 h1:adfcByZKvjp8ko/lzSQGw9MEobIjo9Bi1/9jWLrI1Kc=
github.com/gogpu/gg v0.49.3/go.mod h1:HokAu1+epUdlCy5ILJr1vZnurhRpfUQ+N7yCT8wJkJM=
github.com/gogpu/gg v0.49.4 h1:XeTvRTxOCM9kq2QMqZghLu+HXhBhs37PR/Radnc9/TY=
github.com/gogpu/gg v0.49.4/go.mod h1:HokAu1+epUdlCy5ILJr1vZnurhRpfUQ+N7yCT8wJkJM=
github.com/gogpu/gg v0.49.5 h1:pgcIyvEKosJgY1jb/qkZcvg5L19sW8VOdtqwtM9gqz4=
github.com/gogpu/gg v0.49.5/go.mod h1:HokAu1+epUdlCy5ILJr1vZnurhRpfUQ+N7yCT8wJkJM=
github.com/gogpu/gg v0.50.0 h1:v6mtjagsJIccWwURdjLxcALky/Tcrf4yLoeQvECwj2c=
github.com/gogpu/gg v0.50.0/go.mod h1:oGk0tUInig851vj+QbiO6rqsn9vejA743YkdtAn250A=
github.com/gogpu/gg v0.50.1 h1:6Xb+f68mw6YVOtBu0n7e4INIXE4NUy6+fvNucCMqgH8=
github.com/gogpu/gg v0.50.1/go.mod h1:vdfjSLVXNp7Qx9DLH/NRZqvLiQniKhHRFN/JkSF3LJk=
github.com/gogpu/gogpu v0.42.10 h1:tusC9z1B+OcUKyyqWj9gCbLGQEe4CbLOMAZH29SmJ6k=
github.com/gogpu/gogpu v0.42.10/go.mod h1:AdLj9Tsemz5r7mFYnwfl8Mmaqrgt6US0zZVPBI6gN0Y=
github.com/gogpu/gogpu v0.42.11 h1:MRdVjUEzDlVifC7eYYijfaYAVXkFGeamVZD8piU9cQw=
github.com/gogpu/gogpu v0.42.11/go.mod h1:AdLj9Tsemz5r7mFYnwfl8Mmaqrgt6US0zZVPBI6gN0Y=
github.com/gogpu/gogpu v0.43.0 h1:ZOXQugm7UMFtsN57o4v+tb5BvUlBTBchHLHIVT84pLo=
github.com/gogpu/gogpu v0.43.0/go.mod h1:AdLj9Tsemz5r7mFYnwfl8Mmaqrgt6US0zZVPBI6gN0Y=
github.com/gogpu/gogpu v0.43.1 h1:9agYCivbynWo1b0A7dg8YXHqwF/mN2sBy6km+BTRkrM=
github.com/gogpu/gogpu v0.43.1/go.mod h1:AdLj9Tsemz5r7mFYnwfl8Mmaqrgt6US0zZVPBI6gN0Y=
github.com/gogpu/gpucontext v0.21.0 h1:O1SnXBiednIyVP4Zx5SASh0svYiG6g/wF1igNZVo1Pc=
github.com/gogpu/gpucontext v0.21.0/go.mod h1:6zwdmYXH5GQltoiHbb3WXVS/UJ5bFsCux0mXCVqGlzY=
github.com/gogpu/gputypes v0.5.1 h1:X38OPcP6umQqqubzzJYL6Nm1tXHSNQj6TRSAoxdAJmg=
github.com/gogpu/gputypes v0.5.1/go.mod h1:cnXrDMwTpWTvJLW1Vreop3PcT6a2YP/i3s91rPaOavw=
github.com/gogpu/naga v0.17.15 h1:uyy4bc8wYlvDaYOpmCBYrJ+d+e7ZqP2BN36csmRVs7o=
github.com/gogpu/naga v0.17.15/go.mod h1:15sQaHKkbqXcwTN+hHYGLsA0WBBnkmYzne/eF5p5WEg=
github.com/gogpu/wgpu v0.30.7 h1:6oUDyu3fphQNaTuB/4qBFYqRUIdw11O1mPm5aF/Lx9o=
github.com/gogpu/wgpu v0.30.7/go.mod h1:Mfd5ail+nNg8Gl/vt6cijoWMz41cpl2z+Mpx+I+ZkQ8=
github.com/gogpu/wgpu v0.30.8/go.mod h1:Mfd5ail+nNg8Gl/vt6cijoWMz41cpl2z+Mpx+I+ZkQ8=
golang.org/x/image v0.43.0 h1:FLxcP4ec2350nTfOC8ysKtqYSIFbk/QGjw1ZHNP4tsY=
golang.org/x/image v0.43.0/go.mod h1:rrpelvGFt+kLPAjPM4HeWPgrl0FtafueU//e5N0qk/Q=
golang.org/x/sys v0.46.0 h1:noSf2Fq6F8DBgS+LysIkx7rIExoNHJsxOAtPp4rthXw=
golang.org/x/sys v0.46.0/go.mod h1:4GL1E5IUh+htKOUEOaiffhrAeqysfVGipDYzABqnCmw=
golang.org/x/text v0.38.0 h1:sXmwo9DwP3OK9EZ7PqAdaooSGozfl/3a6/xJcbzPRhE=
golang.org/x/text v0.38.0/go.mod h1:YXZt3QhHUKYT53r2lLKFIVi6Ao1jdzrTR/KQ09qyxF4=
