github.com/coregx/signals v0.1.0 h1:ek6icAtUwjZKUO8K4OaYQn7Wftl+v03DHe1iePzkOsI=
github.com/coregx/signals v0.1.0/go.mod h1:ZTFOeupJF6b73QmxLcDqbB0V2f0TWnCyVkQlA+gMIm4=
github.com/go-text/typesetting v0.3.3 h1:ihGNJU9KzdK2QRDy1Bm7FT5RFQoYb+3n3EIhI/4eaQc=
github.com/go-text/typesetting v0.3.3/go.mod h1:vIRUT25mLQaSh4C8H/lIsKppQz/Gdb8Pu/tNwpi52ts=
github.com/go-text/typesetting-utils v0.0.0-20250618110550-c820a94c77b8 h1:4KCscI9qYWMGTuz6BpJtbUSRzcBrUSSE0ENMJbNSrFs=
github.com/go-text/typesetting-utils v0.0.0-20250618110550-c820a94c77b8/go.mod h1:3/62I4La/HBRX9TcTpBj4eipLiwzf+vhI+7whTc9V7o=
github.com/go-webgpu/goffi v0.3.9 h1:dD1F7GZQV54ET6Fdcb+4776W1/OfbSb9DOJADVZEQLc=
github.com/go-webgpu/goffi v0.3.9/go.mod h1:wfoxNsJkU+5RFbV1kNN1kunhc1lFHuJKK3zpgx08/uM=
github.com/go-webgpu/webgpu v0.3.1 h1:GxaJ3Cz2FGzHZ3adAYvuRFTdCMcwrENLbuilyIxSH0o=
github.com/go-webgpu/webgpu v0.3.1/go.mod h1:lPa1+DhNDB3jb97/KI2ivW+ewK1V9x4k58fObvWBhR4=
github.com/gogpu/gg v0.29.2 h1:2+j9tNN9duZCcLQb9EBq7CdeIFVKDWCIE2503rN9eBg=
github.com/gogpu/gg v0.29.2/go.mod h1:mc7AMO5Aoz/lubmOlnf7EJO8uRA5H/hjZMW3Y9zVUKo=
github.com/gogpu/gogpu v0.20.3 h1:7RRQEeDrkXKkqaBIMROBa65HHbTuh4vZ3wigDJ8FE44=
github.com/gogpu/gogpu v0.20.3/go.mod h1:c11IvfQz18xu22VY6S5n89jNT27ocNfY0duCBmorE4w=
github.com/gogpu/gpucontext v0.9.0 h1:RCM3oXtxR/i7YZrbH68zBjieE4j0TF731MrPnnD2Los=
github.com/gogpu/gpucontext v0.9.0/go.mod h1:d+6V6OVk81cFRpsJcl+9Qnd8qCDLTQGelMVMEzjPTUg=
github.com/gogpu/gputypes v0.2.0 h1:Quv3ekiU12zK4ZhBZsSZmalHYc+zj2gr9ZWRyzKgkKk=
github.com/gogpu/gputypes v0.2.0/go.mod h1:cnXrDMwTpWTvJLW1Vreop3PcT6a2YP/i3s91rPaOavw=
github.com/gogpu/naga v0.14.2 h1:jja1gsYtJB+2gpcAXU5HYZ9OLA/sTrRMbM1dK+AIQL8=
github.com/gogpu/naga v0.14.2/go.mod h1:15sQaHKkbqXcwTN+hHYGLsA0WBBnkmYzne/eF5p5WEg=
github.com/gogpu/wgpu v0.16.12 h1:BTuiV6wYNN3nAX3en0Ym5VGZyzarRy7gipaRJFuGysM=
github.com/gogpu/wgpu v0.16.12/go.mod h1:zgnoQiOqOIJyfKH9PXqOi7GjQF1/nAAJANmHEgcEIJg=
golang.org/x/image v0.36.0 h1:Iknbfm1afbgtwPTmHnS2gTM/6PPZfH+z2EFuOkSbqwc=
golang.org/x/image v0.36.0/go.mod h1:YsWD2TyyGKiIX1kZlu9QfKIsQ4nAAK9bdgdrIsE7xy4=
golang.org/x/sys v0.41.0 h1:Ivj+2Cp/ylzLiEU89QhWblYnOE9zerudt9Ftecq2C6k=
golang.org/x/sys v0.41.0/go.mod h1:OgkHotnGiDImocRcuBABYBEXf8A9a87e/uXjp9XT3ks=
golang.org/x/text v0.34.0 h1:oL/Qq0Kdaqxa1KbNeMKwQq0reLCCaFtqu2eNuSeNHbk=
golang.org/x/text v0.34.0/go.mod h1:homfLqTYRFyVYemLBFl5GgL/DWEiH5wcsQ5gSh1yziA=
