github.com/coregx/signals v0.1.0 h1:ek6icAtUwjZKUO8K4OaYQn7Wftl+v03DHe1iePzkOsI=
github.com/coregx/signals v0.1.0/go.mod h1:ZTFOeupJF6b73QmxLcDqbB0V2f0TWnCyVkQlA+gMIm4=
github.com/go-webgpu/goffi v0.5.5 h1:xLWMhnJq+GrejlhTC3iVt3q8ozRbmYSq8kzuw6MKlgE=
github.com/go-webgpu/goffi v0.5.5/go.mod h1:wfoxNsJkU+5RFbV1kNN1kunhc1lFHuJKK3zpgx08/uM=
github.com/go-webgpu/goffi v0.5.6 h1:jAN4ciR63DcpU/qdX4A3wbNvcpZ6AdFK+H7OB/1+9Lc=
github.com/go-webgpu/goffi v0.5.6/go.mod h1:wfoxNsJkU+5RFbV1kNN1kunhc1lFHuJKK3zpgx08/uM=
github.com/go-webgpu/webgpu v0.5.2 h1:E+yKCbRw/Dgn77pb/CX3kXatwwROGX7/B4ZFbRPaRbQ=
github.com/go-webgpu/webgpu v0.5.2/go.mod h1:d2RR3tI2kUtcMfpC+qJt46IRkDslRhftjCfQvnprGkY=
github.com/gogpu/gg v0.50.1 h1:6Xb+f68mw6YVOtBu0n7e4INIXE4NUy6+fvNucCMqgH8=
github.com/gogpu/gg v0.50.1/go.mod h1:vdfjSLVXNp7Qx9DLH/NRZqvLiQniKhHRFN/JkSF3LJk=
github.com/gogpu/gg v0.50.2 h1:ZnkkdlQpEc4aNyrHDa9sEU4AyTexmD2scCEQgINnY1g=
github.com/gogpu/gg v0.50.2/go.mod h1:vSvwMMDDBhenrN3XX33FI3Znr10FZ6K3F1ijL1MgemU=
github.com/gogpu/gg v0.50.3 h1:cZ5poeYvHWtbKsbz5OcgloNlPgIHhwyTW9rX4i+wG2Y=
github.com/gogpu/gg v0.50.3/go.mod h1:Mw+l3OcQml6zefd7AIptWY+V8D0dnREU0QAfOWaxVj4=
github.com/gogpu/gogpu v0.43.1 h1:9agYCivbynWo1b0A7dg8YXHqwF/mN2sBy6km+BTRkrM=
github.com/gogpu/gogpu v0.43.1/go.mod h1:AdLj9Tsemz5r7mFYnwfl8Mmaqrgt6US0zZVPBI6gN0Y=
github.com/gogpu/gogpu v0.43.4 h1:hU5+83D1XWJu+bOKhESMw5GuDXcQLLruAHmXrF17fz8=
github.com/gogpu/gogpu v0.43.4/go.mod h1:i0E4F/aDc02RQUaz4bGXhTH5l2/AISyRz6HdE/Hzino=
github.com/gogpu/gogpu v0.44.1 h1:oGTO4DpKCLL5huwe6w64CNWfPBZlAueTOd5xx2xfO5c=
github.com/gogpu/gogpu v0.44.1/go.mod h1:woyKt98CmzLTCbklx0pPNBH/rSxQVzcH1y+qABuZQtg=
github.com/gogpu/gpucontext v0.21.0 h1:O1SnXBiednIyVP4Zx5SASh0svYiG6g/wF1igNZVo1Pc=
github.com/gogpu/gpucontext v0.21.0/go.mod h1:6zwdmYXH5GQltoiHbb3WXVS/UJ5bFsCux0mXCVqGlzY=
github.com/gogpu/gputypes v0.5.1 h1:X38OPcP6umQqqubzzJYL6Nm1tXHSNQj6TRSAoxdAJmg=
github.com/gogpu/gputypes v0.5.1/go.mod h1:cnXrDMwTpWTvJLW1Vreop3PcT6a2YP/i3s91rPaOavw=
github.com/gogpu/naga v0.17.15 h1:uyy4bc8wYlvDaYOpmCBYrJ+d+e7ZqP2BN36csmRVs7o=
github.com/gogpu/naga v0.17.15/go.mod h1:15sQaHKkbqXcwTN+hHYGLsA0WBBnkmYzne/eF5p5WEg=
github.com/gogpu/wgpu v0.30.8 h1:0MWz7V0cyyJALm6BFwGtDvx5b9Y+ynZJCM3CNdib5hk=
github.com/gogpu/wgpu v0.30.8/go.mod h1:Mfd5ail+nNg8Gl/vt6cijoWMz41cpl2z+Mpx+I+ZkQ8=
github.com/gogpu/wgpu v0.30.9 h1:mUJ2eOIDrto/fdbwkpg0g5euRdQ8yMUOlGqmEu0ZTDI=
github.com/gogpu/wgpu v0.30.9/go.mod h1:9TDtAhJmIhh1RfxcLySWEtkwfFMVf0Y7X7TLtVqvTBE=
github.com/gogpu/wgpu v0.30.10 h1:KWQOo2RR8d+uNFYYD5WGCG0f4AiX8IOHH8kWi2w6Eec=
github.com/gogpu/wgpu v0.30.10/go.mod h1:9TDtAhJmIhh1RfxcLySWEtkwfFMVf0Y7X7TLtVqvTBE=
golang.org/x/image v0.43.0 h1:FLxcP4ec2350nTfOC8ysKtqYSIFbk/QGjw1ZHNP4tsY=
golang.org/x/image v0.43.0/go.mod h1:rrpelvGFt+kLPAjPM4HeWPgrl0FtafueU//e5N0qk/Q=
golang.org/x/sys v0.46.0 h1:noSf2Fq6F8DBgS+LysIkx7rIExoNHJsxOAtPp4rthXw=
golang.org/x/sys v0.46.0/go.mod h1:4GL1E5IUh+htKOUEOaiffhrAeqysfVGipDYzABqnCmw=
golang.org/x/text v0.38.0 h1:sXmwo9DwP3OK9EZ7PqAdaooSGozfl/3a6/xJcbzPRhE=
golang.org/x/text v0.38.0/go.mod h1:YXZt3QhHUKYT53r2lLKFIVi6Ao1jdzrTR/KQ09qyxF4=
golang.org/x/text v0.39.0 h1:UbZz4pLOvn600D6Oh6GGEI6VAmndrEBLv8/6BEXzyus=
golang.org/x/text v0.39.0/go.mod h1:3UwRclnC2g0TU9x8PZiyfOajCd1zaUNHF9cvqcQZ+ZM=
