github.com/coregx/signals v0.1.0 h1:ek6icAtUwjZKUO8K4OaYQn7Wftl+v03DHe1iePzkOsI=
github.com/coregx/signals v0.1.0/go.mod h1:ZTFOeupJF6b73QmxLcDqbB0V2f0TWnCyVkQlA+gMIm4=
github.com/go-text/typesetting v0.3.4 h1:YYurUOtEb9kGSOz4uE3k4OpBGsp1dDL8+fjCeaFamAU=
github.com/go-text/typesetting v0.3.4/go.mod h1:4qZCQphq4KSgGTAeI0uMEkVbROgfah8BuyF5LRYr7XY=
github.com/go-text/typesetting-utils v0.0.0-20260223113751-2d88ac90dae3 h1:drBZzMgdYPbmyXqOto4YhhJGrFIQCX94FpR4MzTCsos=
github.com/go-text/typesetting-utils v0.0.0-20260223113751-2d88ac90dae3/go.mod h1:3/62I4La/HBRX9TcTpBj4eipLiwzf+vhI+7whTc9V7o=
github.com/go-webgpu/goffi v0.4.2 h1:cwSiwro2ndP7jfXYlsz3kbOk8mNaFsHGZ0Q0cszC9cU=
github.com/go-webgpu/goffi v0.4.2/go.mod h1:wfoxNsJkU+5RFbV1kNN1kunhc1lFHuJKK3zpgx08/uM=
github.com/go-webgpu/webgpu v0.4.2 h1:phQCeD5zY8jTgNjkrs090JYUMpqNPO7a9DMXvnHcQ2A=
github.com/go-webgpu/webgpu v0.4.2/go.mod h1:+gz9PjcckFCZ/Gv1vJXXEDrf7fqo7VHH6uV0nJrSuRk=
github.com/gogpu/gg v0.37.3 h1:U4xahzW7uRoT986trkE4OuQcpOnN1R2pXdQZZhWL1jc=
github.com/gogpu/gg v0.37.3/go.mod h1:8+77MoKulv5217RkbaaF+fLV75WAUnwfS1gMjotLu7Y=
github.com/gogpu/gogpu v0.24.4 h1:mEJqLajFrJeAZjQziRhBuxQ3l9VhMAOwvjtZnZoBdOI=
github.com/gogpu/gogpu v0.24.4/go.mod h1:nQqxoQtsTR2lSqSKGLdi+KYFH5Vex7s5S4XkJvRQM5s=
github.com/gogpu/gpucontext v0.10.0 h1:Uv9N/J9xJYWYgQNC3rJQVVKdjeakHmIpgUuIoSTXNYw=
github.com/gogpu/gpucontext v0.10.0/go.mod h1:d+6V6OVk81cFRpsJcl+9Qnd8qCDLTQGelMVMEzjPTUg=
github.com/gogpu/gputypes v0.3.0 h1:gcwxsBrcoCX19GqqqiV55wLv2iFwaybiOluKCb0hVrs=
github.com/gogpu/gputypes v0.3.0/go.mod h1:cnXrDMwTpWTvJLW1Vreop3PcT6a2YP/i3s91rPaOavw=
github.com/gogpu/naga v0.14.8 h1:xa4xHWiLvHLi+sWKuLRtrcO0Qpsc7pwwK+8tKzDLk74=
github.com/gogpu/naga v0.14.8/go.mod h1:15sQaHKkbqXcwTN+hHYGLsA0WBBnkmYzne/eF5p5WEg=
github.com/gogpu/wgpu v0.21.3 h1:C7egToGbb5quUWcxLTP63t4b6Mi/ENSG99MDldSxHTI=
github.com/gogpu/wgpu v0.21.3/go.mod h1:bnyWXsyCf1iq5m0F0fCc/FKVl0Fiu6GmmVJbyguqoek=
golang.org/x/image v0.37.0 h1:ZiRjArKI8GwxZOoEtUfhrBtaCN+4b/7709dlT6SSnQA=
golang.org/x/image v0.37.0/go.mod h1:/3f6vaXC+6CEanU4KJxbcUZyEePbyKbaLoDOe4ehFYY=
golang.org/x/sys v0.42.0 h1:omrd2nAlyT5ESRdCLYdm3+fMfNFE/+Rf4bDIQImRJeo=
golang.org/x/sys v0.42.0/go.mod h1:4GL1E5IUh+htKOUEOaiffhrAeqysfVGipDYzABqnCmw=
golang.org/x/text v0.35.0 h1:JOVx6vVDFokkpaq1AEptVzLTpDe9KGpj5tR4/X+ybL8=
golang.org/x/text v0.35.0/go.mod h1:khi/HExzZJ2pGnjenulevKNX1W67CUy0AsXcNubPGCA=
